<Solution>
  <Folder Name="/docs/">
    <File Path="Architecture.md" />
    <File Path="Git Commands.txt" />
  </Folder>
  <Folder Name="/Solution Items/">
    <File Path="README.md" />
  </Folder>
  <Project Path="src/ReserveWorkbookGenerator.Console/ReserveWorkbookGenerator.Console.csproj" />
  <Project Path="src/ReserveWorkbookGenerator/ReserveWorkbookGenerator.csproj" />
  <Project Path="tests/ReserveWorkbookGenerator.Tests/ReserveWorkbookGenerator.Tests.csproj" />
</Solution>
